
Microsoft Visual Studio Solution File, Format Version 12.00
# Visual Studio Version 16
VisualStudioVersion = 16.0.31424.327
MinimumVisualStudioVersion = 10.0.40219.1
Project("{FAE04EC0-301F-11D3-BF4B-00C04F79EFBC}") = "water usage", "water usage\water usage.csproj", "{EFFE2FCC-6557-46E9-A16B-8BBB3DA0CC7B}"
EndProject
Global
	GlobalSection(SolutionConfigurationPlatforms) = preSolution
		Debug|Any CPU = Debug|Any CPU
		Release|Any CPU = Release|Any CPU
	EndGlobalSection
	GlobalSection(ProjectConfigurationPlatforms) = postSolution
		{EFFE2FCC-6557-46E9-A16B-8BBB3DA0CC7B}.Debug|Any CPU.ActiveCfg = Debug|Any CPU
		{EFFE2FCC-6557-46E9-A16B-8BBB3DA0CC7B}.Debug|Any CPU.Build.0 = Debug|Any CPU
		{EFFE2FCC-6557-46E9-A16B-8BBB3DA0CC7B}.Release|Any CPU.ActiveCfg = Release|Any CPU
		{EFFE2FCC-6557-46E9-A16B-8BBB3DA0CC7B}.Release|Any CPU.Build.0 = Release|Any CPU
	EndGlobalSection
	GlobalSection(SolutionProperties) = preSolution
		HideSolutionNode = FALSE
	EndGlobalSection
	GlobalSection(ExtensibilityGlobals) = postSolution
		SolutionGuid = {209FE093-F6EE-468A-9D9F-FE8DBEA1CA6D}
	EndGlobalSection
EndGlobal
